github.com/nspcc-dev/go-ordered-json v0.0.0-20170621173500-b18e6e673d74 h1:nNfKXQszRbLcbMVe0t/GeiXxw1ouQcJzzxLlDzB7SvE=
github.com/nspcc-dev/go-ordered-json v0.0.0-20170621173500-b18e6e673d74/go.mod h1:IL5YXjbcudZiFB5Xi27bMlPRWzsm0LkIpszR+PFqTnU=
golang.org/x/sync v0.0.0-20210220032951-036812b2e83c h1:5KslGYwFpkhGh+Q16bwMP3cOontH8FOep7tGV86Y7SQ=
golang.org/x/sync v0.0.0-20210220032951-036812b2e83c/go.mod h1:RxMgew5VJxzue5/jJTE5uejpjVlOe/izrB70Jof72aM=
